
Microsoft Visual Studio Solution File, Format Version 12.00
# Visual Studio Version 17
VisualStudioVersion = 17.4.33205.214
MinimumVisualStudioVersion = 10.0.40219.1
Project("{888888A0-9F3D-457C-B088-3A5042F75D52}") = "Function_Erwin", "Function_Erwin.pyproj", "{11DA5FEE-730A-4539-A0F0-B7D959DBF01D}"
EndProject
Global
	GlobalSection(SolutionConfigurationPlatforms) = preSolution
		Debug|Any CPU = Debug|Any CPU
		Release|Any CPU = Release|Any CPU
	EndGlobalSection
	GlobalSection(ProjectConfigurationPlatforms) = postSolution
		{11DA5FEE-730A-4539-A0F0-B7D959DBF01D}.Debug|Any CPU.ActiveCfg = Debug|Any CPU
		{11DA5FEE-730A-4539-A0F0-B7D959DBF01D}.Release|Any CPU.ActiveCfg = Release|Any CPU
	EndGlobalSection
	GlobalSection(SolutionProperties) = preSolution
		HideSolutionNode = FALSE
	EndGlobalSection
	GlobalSection(ExtensibilityGlobals) = postSolution
		SolutionGuid = {52A0643B-DAC0-41B0-9070-DAF2E025C758}
	EndGlobalSection
EndGlobal
